
Microsoft Visual Studio Solution File, Format Version 12.00
# Visual Studio Version 17
VisualStudioVersion = 17.7.34031.279
MinimumVisualStudioVersion = 10.0.40219.1
Project("{FAE04EC0-301F-11D3-BF4B-00C04F79EFBC}") = "virus", "virus\virus.csproj", "{2600E0C3-63C5-4D82-ADC9-97B7ED90331F}"
EndProject
Global
	GlobalSection(SolutionConfigurationPlatforms) = preSolution
		Debug|Any CPU = Debug|Any CPU
		Release|Any CPU = Release|Any CPU
	EndGlobalSection
	GlobalSection(ProjectConfigurationPlatforms) = postSolution
		{2600E0C3-63C5-4D82-ADC9-97B7ED90331F}.Debug|Any CPU.ActiveCfg = Debug|Any CPU
		{2600E0C3-63C5-4D82-ADC9-97B7ED90331F}.Debug|Any CPU.Build.0 = Debug|Any CPU
		{2600E0C3-63C5-4D82-ADC9-97B7ED90331F}.Release|Any CPU.ActiveCfg = Release|Any CPU
		{2600E0C3-63C5-4D82-ADC9-97B7ED90331F}.Release|Any CPU.Build.0 = Release|Any CPU
	EndGlobalSection
	GlobalSection(SolutionProperties) = preSolution
		HideSolutionNode = FALSE
	EndGlobalSection
	GlobalSection(ExtensibilityGlobals) = postSolution
		SolutionGuid = {E22EF338-2482-49E2-8695-8332F188A453}
	EndGlobalSection
EndGlobal
